<Solution>
  <Configurations>
    <Platform Name="x64" />
  </Configurations>
  <Folder Name="/src/">
    <Project Path="src/SoftwareUpdateTracker.App/SoftwareUpdateTracker.App.csproj">
      <Platform Project="x64" />
    </Project>
    <Project Path="src/SoftwareUpdateTracker.Core/SoftwareUpdateTracker.Core.csproj" />
    <Project Path="src/SoftwareUpdateTracker.WinGet/SoftwareUpdateTracker.WinGet.csproj">
      <Platform Project="x64" />
    </Project>
  </Folder>
  <Folder Name="/tests/">
    <Project Path="tests/SoftwareUpdateTracker.Core.Tests/SoftwareUpdateTracker.Core.Tests.csproj" />
    <Project Path="tests/SoftwareUpdateTracker.WinGet.Tests/SoftwareUpdateTracker.WinGet.Tests.csproj">
      <Platform Project="x64" />
    </Project>
  </Folder>
  <Folder Name="/tools/">
    <Project Path="tools/IconGen/IconGen.csproj">
      <Platform Project="x64" />
    </Project>
  </Folder>
</Solution>
